
Microsoft Visual Studio Solution File, Format Version 12.00
# Visual Studio Version 17
VisualStudioVersion = 17.9.34616.47
MinimumVisualStudioVersion = 10.0.40219.1
Project("{9A19103F-16F7-4668-BE54-9A1E7A4F7556}") = "PDDGB7_HFT_2023242", "PDDGB7_HFT_2023242\PDDGB7_HFT_2023242.csproj", "{C7556696-2E1E-4F7A-AAE2-458E0D61F9E7}"
EndProject
Project("{9A19103F-16F7-4668-BE54-9A1E7A4F7556}") = "PDDGB7_HFT_2023242.Models", "PDDGB7_HFT_2023242.Models\PDDGB7_HFT_2023242.Models.csproj", "{DFC78202-4840-4EDC-804D-50E7130AA62E}"
EndProject
Project("{9A19103F-16F7-4668-BE54-9A1E7A4F7556}") = "PDDGB7_HFT_2023242.Logic", "PDDGB7_HFT_2023242.Logic\PDDGB7_HFT_2023242.Logic.csproj", "{2F80F4E3-F39F-40A5-9227-7A3AEA2645B5}"
EndProject
Project("{9A19103F-16F7-4668-BE54-9A1E7A4F7556}") = "PDDGB7_HFT_2023242.Repository", "PDDGB7_HFT_2023242.Repository\PDDGB7_HFT_2023242.Repository.csproj", "{88AC33D5-3148-4FCE-8370-DEB990BD85DA}"
EndProject
Project("{9A19103F-16F7-4668-BE54-9A1E7A4F7556}") = "PDDGB7_HFT_2023242.Test", "PDDGB7_HFT_2023242.Test\PDDGB7_HFT_2023242.Test.csproj", "{827B6C55-5D2E-4227-8E7C-98BD6B96B2C3}"
EndProject
Project("{2150E333-8FDC-42A3-9474-1A3956D46DE8}") = "Backend", "Backend", "{E2D41686-A9E8-47F4-8654-F133DC1C43FB}"
EndProject
Project("{2150E333-8FDC-42A3-9474-1A3956D46DE8}") = "Frontend", "Frontend", "{2B90D062-54A2-41A8-A015-C17C35AAF536}"
EndProject
Project("{2150E333-8FDC-42A3-9474-1A3956D46DE8}") = "Shared", "Shared", "{2BC1C492-F153-4FDA-B635-38A0CAFB1AB2}"
EndProject
Project("{FAE04EC0-301F-11D3-BF4B-00C04F79EFBC}") = "PDDGB7_HFT_2023242.Endpoint", "PDDGB7_HFT_2023242.Endpoint\PDDGB7_HFT_2023242.Endpoint.csproj", "{1EB6F94C-FC88-4BFB-B80D-D1001FBF1D57}"
EndProject
Global
	GlobalSection(SolutionConfigurationPlatforms) = preSolution
		Debug|Any CPU = Debug|Any CPU
		Release|Any CPU = Release|Any CPU
	EndGlobalSection
	GlobalSection(ProjectConfigurationPlatforms) = postSolution
		{C7556696-2E1E-4F7A-AAE2-458E0D61F9E7}.Debug|Any CPU.ActiveCfg = Debug|Any CPU
		{C7556696-2E1E-4F7A-AAE2-458E0D61F9E7}.Debug|Any CPU.Build.0 = Debug|Any CPU
		{C7556696-2E1E-4F7A-AAE2-458E0D61F9E7}.Release|Any CPU.ActiveCfg = Release|Any CPU
		{C7556696-2E1E-4F7A-AAE2-458E0D61F9E7}.Release|Any CPU.Build.0 = Release|Any CPU
		{DFC78202-4840-4EDC-804D-50E7130AA62E}.Debug|Any CPU.ActiveCfg = Debug|Any CPU
		{DFC78202-4840-4EDC-804D-50E7130AA62E}.Debug|Any CPU.Build.0 = Debug|Any CPU
		{DFC78202-4840-4EDC-804D-50E7130AA62E}.Release|Any CPU.ActiveCfg = Release|Any CPU
		{DFC78202-4840-4EDC-804D-50E7130AA62E}.Release|Any CPU.Build.0 = Release|Any CPU
		{2F80F4E3-F39F-40A5-9227-7A3AEA2645B5}.Debug|Any CPU.ActiveCfg = Debug|Any CPU
		{2F80F4E3-F39F-40A5-9227-7A3AEA2645B5}.Debug|Any CPU.Build.0 = Debug|Any CPU
		{2F80F4E3-F39F-40A5-9227-7A3AEA2645B5}.Release|Any CPU.ActiveCfg = Release|Any CPU
		{2F80F4E3-F39F-40A5-9227-7A3AEA2645B5}.Release|Any CPU.Build.0 = Release|Any CPU
		{88AC33D5-3148-4FCE-8370-DEB990BD85DA}.Debug|Any CPU.ActiveCfg = Debug|Any CPU
		{88AC33D5-3148-4FCE-8370-DEB990BD85DA}.Debug|Any CPU.Build.0 = Debug|Any CPU
		{88AC33D5-3148-4FCE-8370-DEB990BD85DA}.Release|Any CPU.ActiveCfg = Release|Any CPU
		{88AC33D5-3148-4FCE-8370-DEB990BD85DA}.Release|Any CPU.Build.0 = Release|Any CPU
		{827B6C55-5D2E-4227-8E7C-98BD6B96B2C3}.Debug|Any CPU.ActiveCfg = Debug|Any CPU
		{827B6C55-5D2E-4227-8E7C-98BD6B96B2C3}.Debug|Any CPU.Build.0 = Debug|Any CPU
		{827B6C55-5D2E-4227-8E7C-98BD6B96B2C3}.Release|Any CPU.ActiveCfg = Release|Any CPU
		{827B6C55-5D2E-4227-8E7C-98BD6B96B2C3}.Release|Any CPU.Build.0 = Release|Any CPU
		{1EB6F94C-FC88-4BFB-B80D-D1001FBF1D57}.Debug|Any CPU.ActiveCfg = Debug|Any CPU
		{1EB6F94C-FC88-4BFB-B80D-D1001FBF1D57}.Debug|Any CPU.Build.0 = Debug|Any CPU
		{1EB6F94C-FC88-4BFB-B80D-D1001FBF1D57}.Release|Any CPU.ActiveCfg = Release|Any CPU
		{1EB6F94C-FC88-4BFB-B80D-D1001FBF1D57}.Release|Any CPU.Build.0 = Release|Any CPU
	EndGlobalSection
	GlobalSection(SolutionProperties) = preSolution
		HideSolutionNode = FALSE
	EndGlobalSection
	GlobalSection(NestedProjects) = preSolution
		{C7556696-2E1E-4F7A-AAE2-458E0D61F9E7} = {2B90D062-54A2-41A8-A015-C17C35AAF536}
		{DFC78202-4840-4EDC-804D-50E7130AA62E} = {2BC1C492-F153-4FDA-B635-38A0CAFB1AB2}
		{2F80F4E3-F39F-40A5-9227-7A3AEA2645B5} = {E2D41686-A9E8-47F4-8654-F133DC1C43FB}
		{88AC33D5-3148-4FCE-8370-DEB990BD85DA} = {E2D41686-A9E8-47F4-8654-F133DC1C43FB}
		{827B6C55-5D2E-4227-8E7C-98BD6B96B2C3} = {E2D41686-A9E8-47F4-8654-F133DC1C43FB}
		{1EB6F94C-FC88-4BFB-B80D-D1001FBF1D57} = {E2D41686-A9E8-47F4-8654-F133DC1C43FB}
	EndGlobalSection
	GlobalSection(ExtensibilityGlobals) = postSolution
		SolutionGuid = {E4D76CE0-767A-47D0-8EF9-BA7077EDE37F}
	EndGlobalSection
EndGlobal
